{
  "version": "4",
  "specifiers": {
    "npm:@bufbuild/protobuf@^2.2.5": "2.2.5",
    "npm:ts-proto@*": "2.7.0",
    "npm:ts-proto@2.7.0": "2.7.0",
    "npm:ts-proto@^2.7.0": "2.7.0"
  },
  "npm": {
    "@bufbuild/protobuf@2.2.5": {
      "integrity": "sha512-/g5EzJifw5GF8aren8wZ/G5oMuPoGeS6MQD3ca8ddcvdXR5UELUfdTZITCGNhNXynY/AYl3Z4plmxdj/tRl/hQ=="
    },
    "case-anything@2.1.13": {
      "integrity": "sha512-zlOQ80VrQ2Ue+ymH5OuM/DlDq64mEm+B9UTdHULv5osUMD6HalNTblf2b1u/m6QecjsnOkBpqVZ+XPwIVsy7Ng=="
    },
    "detect-libc@1.0.3": {
      "integrity": "sha512-pGjwhsmsp4kL2RTz08wcOlGN83otlqHeD/Z5T8GXZB+/YcpQ/dgo+lbU8ZsGxV0HIvqqxo9l7mqYwyYMD9bKDg=="
    },
    "dprint-node@1.0.8": {
      "integrity": "sha512-iVKnUtYfGrYcW1ZAlfR/F59cUVL8QIhWoBJoSjkkdua/dkWIgjZfiLMeTjiB06X0ZLkQ0M2C1VbUj/CxkIf1zg==",
      "dependencies": [
        "detect-libc"
      ]
    },
    "ts-poet@6.11.0": {
      "integrity": "sha512-r5AGF8vvb+GjBsnqiTqbLhN1/U2FJt6BI+k0dfCrkKzWvUhNlwMmq9nDHuucHs45LomgHjZPvYj96dD3JawjJA==",
      "dependencies": [
        "dprint-node"
      ]
    },
    "ts-proto-descriptors@2.0.0": {
      "integrity": "sha512-wHcTH3xIv11jxgkX5OyCSFfw27agpInAd6yh89hKG6zqIXnjW9SYqSER2CVQxdPj4czeOhGagNvZBEbJPy7qkw==",
      "dependencies": [
        "@bufbuild/protobuf"
      ]
    },
    "ts-proto@2.7.0": {
      "integrity": "sha512-BGHjse2wTOeswOqnnPKinpxmbaRd882so/e1En6ww59YMG7AO9Kg4vPpJcbVfrpBixPRDqHafXD/RDyd2T99GA==",
      "dependencies": [
        "@bufbuild/protobuf",
        "case-anything",
        "ts-poet",
        "ts-proto-descriptors"
      ]
    }
  },
  "remote": {
    "https://deno.land/std@0.115.1/_util/assert.ts": "2f868145a042a11d5ad0a3c748dcf580add8a0dbc0e876eaa0026303a5488f58",
    "https://deno.land/std@0.115.1/flags/mod.ts": "5bd80147c97e481efcc4c041096c6c1a1393248e2849ccd571269d62c2634cbe",
    "https://deno.land/x/flags_usage@2.0.0/mod.ts": "97e3973fd3ac4600c1b5371dcbec7f9acf8a285576ed4c746167c3d42dd52ca0"
  },
  "workspace": {
    "dependencies": [
      "npm:@bufbuild/protobuf@^2.2.5",
      "npm:ts-proto@^2.7.0"
    ]
  }
}
